
Microsoft Visual Studio Solution File, Format Version 12.00
# Visual Studio Version 17
VisualStudioVersion = 17.10.34928.147
MinimumVisualStudioVersion = 10.0.40219.1
Project("{FAE04EC0-301F-11D3-BF4B-00C04F79EFBC}") = "ExtractImagePaths", "ExtractImagePaths.csproj", "{318C32C9-6879-4757-9319-73FDBBF7E4E3}"
EndProject
Global
	GlobalSection(SolutionConfigurationPlatforms) = preSolution
		Debug|Any CPU = Debug|Any CPU
		Release|Any CPU = Release|Any CPU
	EndGlobalSection
	GlobalSection(ProjectConfigurationPlatforms) = postSolution
		{318C32C9-6879-4757-9319-73FDBBF7E4E3}.Debug|Any CPU.ActiveCfg = Debug|Any CPU
		{318C32C9-6879-4757-9319-73FDBBF7E4E3}.Debug|Any CPU.Build.0 = Debug|Any CPU
		{318C32C9-6879-4757-9319-73FDBBF7E4E3}.Release|Any CPU.ActiveCfg = Release|Any CPU
		{318C32C9-6879-4757-9319-73FDBBF7E4E3}.Release|Any CPU.Build.0 = Release|Any CPU
	EndGlobalSection
	GlobalSection(SolutionProperties) = preSolution
		HideSolutionNode = FALSE
	EndGlobalSection
	GlobalSection(ExtensibilityGlobals) = postSolution
		SolutionGuid = {D6B7B59B-D558-447D-A8BE-AEFBB4BED20B}
	EndGlobalSection
EndGlobal
