
Microsoft Visual Studio Solution File, Format Version 12.00
# Visual Studio Version 17
VisualStudioVersion = 17.11.35327.3
MinimumVisualStudioVersion = 10.0.40219.1
Project("{9A19103F-16F7-4668-BE54-9A1E7A4F7556}") = "api", "src\api\api.csproj", "{E60D0B02-ACE2-4C1D-A279-C2581A600B2D}"
EndProject
Project("{9A19103F-16F7-4668-BE54-9A1E7A4F7556}") = "frontend", "src\frontend\frontend.csproj", "{E4E980C0-4D7A-4AA9-8A74-6755F64D4E5F}"
EndProject
Project("{E53339B2-1760-4266-BCC7-CA923CBCF16C}") = "docker-compose", "docker-compose.dcproj", "{CBEC8347-1728-48BB-BCA3-8313368B881E}"
EndProject
Project("{9A19103F-16F7-4668-BE54-9A1E7A4F7556}") = "ExtractImagePaths", "src\ExtractImagePaths\ExtractImagePaths.csproj", "{DD07AB50-6729-4AAC-94A1-5C87B4A0FB48}"
EndProject
Project("{FAE04EC0-301F-11D3-BF4B-00C04F79EFBC}") = "ParseJpegHeaders", "src\ParseJpegHeaders\ParseJpegHeaders.csproj", "{4CDCCDEC-7FF8-4690-A6EC-D54DEC72F4A4}"
EndProject
Global
	GlobalSection(SolutionConfigurationPlatforms) = preSolution
		Debug|Any CPU = Debug|Any CPU
		Release|Any CPU = Release|Any CPU
	EndGlobalSection
	GlobalSection(ProjectConfigurationPlatforms) = postSolution
		{E60D0B02-ACE2-4C1D-A279-C2581A600B2D}.Debug|Any CPU.ActiveCfg = Debug|Any CPU
		{E60D0B02-ACE2-4C1D-A279-C2581A600B2D}.Debug|Any CPU.Build.0 = Debug|Any CPU
		{E60D0B02-ACE2-4C1D-A279-C2581A600B2D}.Release|Any CPU.ActiveCfg = Release|Any CPU
		{E60D0B02-ACE2-4C1D-A279-C2581A600B2D}.Release|Any CPU.Build.0 = Release|Any CPU
		{E4E980C0-4D7A-4AA9-8A74-6755F64D4E5F}.Debug|Any CPU.ActiveCfg = Debug|Any CPU
		{E4E980C0-4D7A-4AA9-8A74-6755F64D4E5F}.Debug|Any CPU.Build.0 = Debug|Any CPU
		{E4E980C0-4D7A-4AA9-8A74-6755F64D4E5F}.Release|Any CPU.ActiveCfg = Release|Any CPU
		{E4E980C0-4D7A-4AA9-8A74-6755F64D4E5F}.Release|Any CPU.Build.0 = Release|Any CPU
		{CBEC8347-1728-48BB-BCA3-8313368B881E}.Debug|Any CPU.ActiveCfg = Debug|Any CPU
		{CBEC8347-1728-48BB-BCA3-8313368B881E}.Debug|Any CPU.Build.0 = Debug|Any CPU
		{CBEC8347-1728-48BB-BCA3-8313368B881E}.Release|Any CPU.ActiveCfg = Release|Any CPU
		{CBEC8347-1728-48BB-BCA3-8313368B881E}.Release|Any CPU.Build.0 = Release|Any CPU
		{DD07AB50-6729-4AAC-94A1-5C87B4A0FB48}.Debug|Any CPU.ActiveCfg = Debug|Any CPU
		{DD07AB50-6729-4AAC-94A1-5C87B4A0FB48}.Debug|Any CPU.Build.0 = Debug|Any CPU
		{DD07AB50-6729-4AAC-94A1-5C87B4A0FB48}.Release|Any CPU.ActiveCfg = Release|Any CPU
		{DD07AB50-6729-4AAC-94A1-5C87B4A0FB48}.Release|Any CPU.Build.0 = Release|Any CPU
		{4CDCCDEC-7FF8-4690-A6EC-D54DEC72F4A4}.Debug|Any CPU.ActiveCfg = Debug|Any CPU
		{4CDCCDEC-7FF8-4690-A6EC-D54DEC72F4A4}.Debug|Any CPU.Build.0 = Debug|Any CPU
		{4CDCCDEC-7FF8-4690-A6EC-D54DEC72F4A4}.Release|Any CPU.ActiveCfg = Release|Any CPU
		{4CDCCDEC-7FF8-4690-A6EC-D54DEC72F4A4}.Release|Any CPU.Build.0 = Release|Any CPU
	EndGlobalSection
	GlobalSection(SolutionProperties) = preSolution
		HideSolutionNode = FALSE
	EndGlobalSection
	GlobalSection(ExtensibilityGlobals) = postSolution
		SolutionGuid = {A2A4F8D8-A809-4B3B-9182-E424D66AD013}
	EndGlobalSection
EndGlobal
